
Microsoft Visual Studio Solution File, Format Version 12.00
# Visual Studio Version 17
VisualStudioVersion = 17.11.35222.181
MinimumVisualStudioVersion = 10.0.40219.1
Project("{FAE04EC0-301F-11D3-BF4B-00C04F79EFBC}") = "TrainerTraineeApp", "TrainerTraineeApp\TrainerTraineeApp.csproj", "{472896A2-D948-4490-BDA7-B858625E4AFF}"
EndProject
Global
	GlobalSection(SolutionConfigurationPlatforms) = preSolution
		Debug|Any CPU = Debug|Any CPU
		Release|Any CPU = Release|Any CPU
	EndGlobalSection
	GlobalSection(ProjectConfigurationPlatforms) = postSolution
		{472896A2-D948-4490-BDA7-B858625E4AFF}.Debug|Any CPU.ActiveCfg = Debug|Any CPU
		{472896A2-D948-4490-BDA7-B858625E4AFF}.Debug|Any CPU.Build.0 = Debug|Any CPU
		{472896A2-D948-4490-BDA7-B858625E4AFF}.Release|Any CPU.ActiveCfg = Release|Any CPU
		{472896A2-D948-4490-BDA7-B858625E4AFF}.Release|Any CPU.Build.0 = Release|Any CPU
	EndGlobalSection
	GlobalSection(SolutionProperties) = preSolution
		HideSolutionNode = FALSE
	EndGlobalSection
	GlobalSection(ExtensibilityGlobals) = postSolution
		SolutionGuid = {C8AF4417-DA19-4E74-974D-B27FA6D9CC27}
	EndGlobalSection
EndGlobal
